
Microsoft Visual Studio Solution File, Format Version 12.00
# Visual Studio Version 17
VisualStudioVersion = 17.0.31912.275
MinimumVisualStudioVersion = 10.0.40219.1
Project("{2150E333-8FDC-42A3-9474-1A3956D46DE8}") = "Solution Items", "Solution Items", "{2440C68D-736E-4EFF-B3A3-92A5B116F8DD}"
	ProjectSection(SolutionItems) = preProject
		.editorconfig = .editorconfig
	EndProjectSection
EndProject
Project("{9A19103F-16F7-4668-BE54-9A1E7A4F7556}") = "PassManager", "PassManager\PassManager.csproj", "{A04DE5D8-244C-4037-96D1-B750C28903D6}"
EndProject
Global
	GlobalSection(SolutionConfigurationPlatforms) = preSolution
		Debug|Any CPU = Debug|Any CPU
		Release|Any CPU = Release|Any CPU
	EndGlobalSection
	GlobalSection(ProjectConfigurationPlatforms) = postSolution
		{A04DE5D8-244C-4037-96D1-B750C28903D6}.Debug|Any CPU.ActiveCfg = Debug|Any CPU
		{A04DE5D8-244C-4037-96D1-B750C28903D6}.Debug|Any CPU.Build.0 = Debug|Any CPU
		{A04DE5D8-244C-4037-96D1-B750C28903D6}.Release|Any CPU.ActiveCfg = Release|Any CPU
		{A04DE5D8-244C-4037-96D1-B750C28903D6}.Release|Any CPU.Build.0 = Release|Any CPU
	EndGlobalSection
	GlobalSection(SolutionProperties) = preSolution
		HideSolutionNode = FALSE
	EndGlobalSection
	GlobalSection(ExtensibilityGlobals) = postSolution
		SolutionGuid = {2C94F1EF-9FAC-4280-B66D-17717C95370B}
	EndGlobalSection
EndGlobal
